
Microsoft Visual Studio Solution File, Format Version 12.00
# Visual Studio Version 17
VisualStudioVersion = 17.7.34221.43
MinimumVisualStudioVersion = 10.0.40219.1
Project("{FAE04EC0-301F-11D3-BF4B-00C04F79EFBC}") = "L9_entryControl", "L9_entryControl\L9_entryControl.csproj", "{D3749825-6015-4D93-A00A-501129865700}"
EndProject
Global
	GlobalSection(SolutionConfigurationPlatforms) = preSolution
		Debug|Any CPU = Debug|Any CPU
		Release|Any CPU = Release|Any CPU
	EndGlobalSection
	GlobalSection(ProjectConfigurationPlatforms) = postSolution
		{D3749825-6015-4D93-A00A-501129865700}.Debug|Any CPU.ActiveCfg = Debug|Any CPU
		{D3749825-6015-4D93-A00A-501129865700}.Debug|Any CPU.Build.0 = Debug|Any CPU
		{D3749825-6015-4D93-A00A-501129865700}.Release|Any CPU.ActiveCfg = Release|Any CPU
		{D3749825-6015-4D93-A00A-501129865700}.Release|Any CPU.Build.0 = Release|Any CPU
	EndGlobalSection
	GlobalSection(SolutionProperties) = preSolution
		HideSolutionNode = FALSE
	EndGlobalSection
	GlobalSection(ExtensibilityGlobals) = postSolution
		SolutionGuid = {612CDB9B-7659-4554-AB9A-8903E52183AB}
	EndGlobalSection
EndGlobal
